
Microsoft Visual Studio Solution File, Format Version 12.00
# Visual Studio Version 17
VisualStudioVersion = 17.1.32127.271
MinimumVisualStudioVersion = 10.0.40219.1
Project("{8BC9CEB8-8B4A-11D0-8D11-00A0C91BC942}") = "ObjExp", "ObjExp\ObjExp.vcxproj", "{1A5F6353-6C66-4978-BA31-2311CBF74285}"
EndProject
Project("{8BC9CEB8-8B4A-11D0-8D11-00A0C91BC942}") = "DiaHelper", "DiaHelper\DiaHelper.vcxproj", "{D1E93C91-D2D9-460B-A00E-1DCABAAFCB9F}"
EndProject
Project("{8BC9CEB8-8B4A-11D0-8D11-00A0C91BC942}") = "WTLHelper", "WTLHelper\WTLHelper\WTLHelper.vcxproj", "{AE53419F-A769-4548-8E15-E311904DF7DF}"
EndProject
Global
	GlobalSection(SolutionConfigurationPlatforms) = preSolution
		Debug|ARM64 = Debug|ARM64
		Debug|x64 = Debug|x64
		Debug|x86 = Debug|x86
		Release|ARM64 = Release|ARM64
		Release|x64 = Release|x64
		Release|x86 = Release|x86
	EndGlobalSection
	GlobalSection(ProjectConfigurationPlatforms) = postSolution
		{1A5F6353-6C66-4978-BA31-2311CBF74285}.Debug|ARM64.ActiveCfg = Debug|x64
		{1A5F6353-6C66-4978-BA31-2311CBF74285}.Debug|ARM64.Build.0 = Debug|x64
		{1A5F6353-6C66-4978-BA31-2311CBF74285}.Debug|x64.ActiveCfg = Debug|x64
		{1A5F6353-6C66-4978-BA31-2311CBF74285}.Debug|x64.Build.0 = Debug|x64
		{1A5F6353-6C66-4978-BA31-2311CBF74285}.Debug|x86.ActiveCfg = Debug|Win32
		{1A5F6353-6C66-4978-BA31-2311CBF74285}.Debug|x86.Build.0 = Debug|Win32
		{1A5F6353-6C66-4978-BA31-2311CBF74285}.Release|ARM64.ActiveCfg = Release|x64
		{1A5F6353-6C66-4978-BA31-2311CBF74285}.Release|ARM64.Build.0 = Release|x64
		{1A5F6353-6C66-4978-BA31-2311CBF74285}.Release|x64.ActiveCfg = Release|x64
		{1A5F6353-6C66-4978-BA31-2311CBF74285}.Release|x64.Build.0 = Release|x64
		{1A5F6353-6C66-4978-BA31-2311CBF74285}.Release|x86.ActiveCfg = Release|Win32
		{1A5F6353-6C66-4978-BA31-2311CBF74285}.Release|x86.Build.0 = Release|Win32
		{D1E93C91-D2D9-460B-A00E-1DCABAAFCB9F}.Debug|ARM64.ActiveCfg = Debug|x64
		{D1E93C91-D2D9-460B-A00E-1DCABAAFCB9F}.Debug|ARM64.Build.0 = Debug|x64
		{D1E93C91-D2D9-460B-A00E-1DCABAAFCB9F}.Debug|x64.ActiveCfg = Debug|x64
		{D1E93C91-D2D9-460B-A00E-1DCABAAFCB9F}.Debug|x64.Build.0 = Debug|x64
		{D1E93C91-D2D9-460B-A00E-1DCABAAFCB9F}.Debug|x86.ActiveCfg = Debug|Win32
		{D1E93C91-D2D9-460B-A00E-1DCABAAFCB9F}.Debug|x86.Build.0 = Debug|Win32
		{D1E93C91-D2D9-460B-A00E-1DCABAAFCB9F}.Release|ARM64.ActiveCfg = Release|x64
		{D1E93C91-D2D9-460B-A00E-1DCABAAFCB9F}.Release|ARM64.Build.0 = Release|x64
		{D1E93C91-D2D9-460B-A00E-1DCABAAFCB9F}.Release|x64.ActiveCfg = Release|x64
		{D1E93C91-D2D9-460B-A00E-1DCABAAFCB9F}.Release|x64.Build.0 = Release|x64
		{D1E93C91-D2D9-460B-A00E-1DCABAAFCB9F}.Release|x86.ActiveCfg = Release|Win32
		{D1E93C91-D2D9-460B-A00E-1DCABAAFCB9F}.Release|x86.Build.0 = Release|Win32
		{AE53419F-A769-4548-8E15-E311904DF7DF}.Debug|ARM64.ActiveCfg = Debug|ARM64
		{AE53419F-A769-4548-8E15-E311904DF7DF}.Debug|ARM64.Build.0 = Debug|ARM64
		{AE53419F-A769-4548-8E15-E311904DF7DF}.Debug|x64.ActiveCfg = Debug|x64
		{AE53419F-A769-4548-8E15-E311904DF7DF}.Debug|x64.Build.0 = Debug|x64
		{AE53419F-A769-4548-8E15-E311904DF7DF}.Debug|x86.ActiveCfg = Debug|Win32
		{AE53419F-A769-4548-8E15-E311904DF7DF}.Debug|x86.Build.0 = Debug|Win32
		{AE53419F-A769-4548-8E15-E311904DF7DF}.Release|ARM64.ActiveCfg = Release|ARM64
		{AE53419F-A769-4548-8E15-E311904DF7DF}.Release|ARM64.Build.0 = Release|ARM64
		{AE53419F-A769-4548-8E15-E311904DF7DF}.Release|x64.ActiveCfg = Release|x64
		{AE53419F-A769-4548-8E15-E311904DF7DF}.Release|x64.Build.0 = Release|x64
		{AE53419F-A769-4548-8E15-E311904DF7DF}.Release|x86.ActiveCfg = Release|Win32
		{AE53419F-A769-4548-8E15-E311904DF7DF}.Release|x86.Build.0 = Release|Win32
	EndGlobalSection
	GlobalSection(SolutionProperties) = preSolution
		HideSolutionNode = FALSE
	EndGlobalSection
	GlobalSection(ExtensibilityGlobals) = postSolution
		SolutionGuid = {14BA166D-B373-4C17-9F80-D0036F79ACB7}
	EndGlobalSection
EndGlobal
