<?xml version="1.0" encoding="utf-8"?>
<Project ToolsVersion="4.0" xmlns="http://schemas.microsoft.com/developer/msbuild/2003">
  <ItemGroup>
    <Filter Include="Source Files">
      <UniqueIdentifier>{41b54f95-a479-48dd-bd80-ff3164a349a9}</UniqueIdentifier>
      <Extensions>cpp;c;cxx;def;odl;idl;hpj;bat;asm</Extensions>
    </Filter>
    <Filter Include="Header Files">
      <UniqueIdentifier>{f08beca9-ec39-403d-b610-6a524c7c74e0}</UniqueIdentifier>
      <Extensions>h;hpp;hxx;hm;inl;inc</Extensions>
    </Filter>
    <Filter Include="Resource Files">
      <UniqueIdentifier>{f7c54f34-e4ca-4e37-9879-9f921e40814b}</UniqueIdentifier>
      <Extensions>rc;ico;cur;bmp;dlg;rc2;rct;bin;rgs;jpg;jpeg;jpe;manifest</Extensions>
    </Filter>
    <Filter Include="Resource Files\Icons">
      <UniqueIdentifier>{9c6c877f-2573-4d41-a17a-b9a7c093f3fc}</UniqueIdentifier>
    </Filter>
    <Filter Include="Helpers">
      <UniqueIdentifier>{8245c916-cf04-4500-ac22-16485931b862}</UniqueIdentifier>
    </Filter>
    <Filter Include="Views">
      <UniqueIdentifier>{e3609ada-62ac-4f96-ab64-a055bfbbbd33}</UniqueIdentifier>
    </Filter>
    <Filter Include="Dialogs">
      <UniqueIdentifier>{1cec88d0-c1fa-4272-9ec8-d19027a1eee1}</UniqueIdentifier>
    </Filter>
    <Filter Include="DebugDriver">
      <UniqueIdentifier>{95cf344e-4875-4881-a2e4-51b6c1423fc6}</UniqueIdentifier>
    </Filter>
  </ItemGroup>
  <ItemGroup>
    <ClCompile Include="pch.cpp">
      <Filter>Source Files</Filter>
    </ClCompile>
    <ClCompile Include="ObjExp.cpp">
      <Filter>Source Files</Filter>
    </ClCompile>
    <ClCompile Include="MainFrm.cpp">
      <Filter>Source Files</Filter>
    </ClCompile>
    <ClCompile Include="AccessMaskDecoder.cpp">
      <Filter>Source Files</Filter>
    </ClCompile>
    <ClCompile Include="ProcessHandleTracker.cpp">
      <Filter>Source Files</Filter>
    </ClCompile>
    <ClCompile Include="SecurityHelper.cpp">
      <Filter>Helpers</Filter>
    </ClCompile>
    <ClCompile Include="ObjectTypesView.cpp">
      <Filter>Views</Filter>
    </ClCompile>
    <ClCompile Include="ViewFactory.cpp">
      <Filter>Source Files</Filter>
    </ClCompile>
    <ClCompile Include="ObjectManager.cpp">
      <Filter>Source Files</Filter>
    </ClCompile>
    <ClCompile Include="ResourceManager.cpp">
      <Filter>Source Files</Filter>
    </ClCompile>
    <ClCompile Include="StringHelper.cpp">
      <Filter>Helpers</Filter>
    </ClCompile>
    <ClCompile Include="ObjectManagerView.cpp">
      <Filter>Views</Filter>
    </ClCompile>
    <ClCompile Include="AboutDlg.cpp">
      <Filter>Dialogs</Filter>
    </ClCompile>
    <ClCompile Include="ObjectHelpers.cpp">
      <Filter>Helpers</Filter>
    </ClCompile>
    <ClCompile Include="SecurityInfo.cpp">
      <Filter>Source Files</Filter>
    </ClCompile>
    <ClCompile Include="GenericPage.cpp">
      <Filter>Dialogs</Filter>
    </ClCompile>
    <ClCompile Include="ObjectPropertiesDlg.cpp">
      <Filter>Dialogs</Filter>
    </ClCompile>
    <ClCompile Include="DriverHelper.cpp">
      <Filter>Helpers</Filter>
    </ClCompile>
    <ClCompile Include="ProcessHelper.cpp">
      <Filter>Helpers</Filter>
    </ClCompile>
    <ClCompile Include="HandlesView.cpp">
      <Filter>Views</Filter>
    </ClCompile>
    <ClCompile Include="ProcessSelectorDlg.cpp">
      <Filter>Dialogs</Filter>
    </ClCompile>
    <ClCompile Include="ObjectsView.cpp">
      <Filter>Views</Filter>
    </ClCompile>
    <ClCompile Include="ZombieProcessesView.cpp">
      <Filter>Views</Filter>
    </ClCompile>
    <ClCompile Include="ImageIconCache.cpp">
      <Filter>Helpers</Filter>
    </ClCompile>
    <ClCompile Include="HandlesPage.cpp">
      <Filter>Dialogs</Filter>
    </ClCompile>
    <ClCompile Include="AppSettings.cpp">
      <Filter>Source Files</Filter>
    </ClCompile>
    <ClCompile Include="DbgDriver.cpp">
      <Filter>DebugDriver</Filter>
    </ClCompile>
    <ClCompile Include="SymbolToTreeView.cpp">
      <Filter>Helpers</Filter>
    </ClCompile>
    <ClCompile Include="StructurePage.cpp">
      <Filter>Dialogs</Filter>
    </ClCompile>
    <ClCompile Include="SymbolManager.cpp">
      <Filter>Helpers</Filter>
    </ClCompile>
  </ItemGroup>
  <ItemGroup>
    <ClInclude Include="pch.h">
      <Filter>Header Files</Filter>
    </ClInclude>
    <ClInclude Include="MainFrm.h">
      <Filter>Header Files</Filter>
    </ClInclude>
    <ClInclude Include="AccessMaskDecoder.h">
      <Filter>Header Files</Filter>
    </ClInclude>
    <ClInclude Include="ProcessHandleTracker.h">
      <Filter>Header Files</Filter>
    </ClInclude>
    <ClInclude Include="SecurityHelper.h">
      <Filter>Helpers</Filter>
    </ClInclude>
    <ClInclude Include="ViewBase.h">
      <Filter>Views</Filter>
    </ClInclude>
    <ClInclude Include="Interfaces.h">
      <Filter>Header Files</Filter>
    </ClInclude>
    <ClInclude Include="ObjectTypesView.h">
      <Filter>Views</Filter>
    </ClInclude>
    <ClInclude Include="ViewFactory.h">
      <Filter>Header Files</Filter>
    </ClInclude>
    <ClInclude Include="ObjectManager.h">
      <Filter>Header Files</Filter>
    </ClInclude>
    <ClInclude Include="ResourceManager.h">
      <Filter>Header Files</Filter>
    </ClInclude>
    <ClInclude Include="StringHelper.h">
      <Filter>Helpers</Filter>
    </ClInclude>
    <ClInclude Include="TimerManager.h">
      <Filter>Helpers</Filter>
    </ClInclude>
    <ClInclude Include="ObjectManagerView.h">
      <Filter>Views</Filter>
    </ClInclude>
    <ClInclude Include="AboutDlg.h">
      <Filter>Dialogs</Filter>
    </ClInclude>
    <ClInclude Include="GenericPage.h">
      <Filter>Dialogs</Filter>
    </ClInclude>
    <ClInclude Include="ObjectHelpers.h">
      <Filter>Helpers</Filter>
    </ClInclude>
    <ClInclude Include="SecurityInfo.h">
      <Filter>Header Files</Filter>
    </ClInclude>
    <ClInclude Include="ObjectPropertiesDlg.h">
      <Filter>Dialogs</Filter>
    </ClInclude>
    <ClInclude Include="DriverHelper.h">
      <Filter>Helpers</Filter>
    </ClInclude>
    <ClInclude Include="ProcessHelper.h">
      <Filter>Helpers</Filter>
    </ClInclude>
    <ClInclude Include="resource.h">
      <Filter>Resource Files</Filter>
    </ClInclude>
    <ClInclude Include="HandlesView.h">
      <Filter>Views</Filter>
    </ClInclude>
    <ClInclude Include="ProcessSelectorDlg.h">
      <Filter>Dialogs</Filter>
    </ClInclude>
    <ClInclude Include="ObjectsView.h">
      <Filter>Views</Filter>
    </ClInclude>
    <ClInclude Include="ProcessObjectTracker.h">
      <Filter>Source Files</Filter>
    </ClInclude>
    <ClInclude Include="ZombieProcessesView.h">
      <Filter>Views</Filter>
    </ClInclude>
    <ClInclude Include="ImageIconCache.h">
      <Filter>Helpers</Filter>
    </ClInclude>
    <ClInclude Include="HandlesPage.h">
      <Filter>Dialogs</Filter>
    </ClInclude>
    <ClInclude Include="AppSettings.h">
      <Filter>Header Files</Filter>
    </ClInclude>
    <ClInclude Include="DbgDriver.h">
      <Filter>DebugDriver</Filter>
    </ClInclude>
    <ClInclude Include="SymbolToTreeView.h">
      <Filter>Helpers</Filter>
    </ClInclude>
    <ClInclude Include="StructurePage.h">
      <Filter>Dialogs</Filter>
    </ClInclude>
    <ClInclude Include="TreeListView.h">
      <Filter>Header Files</Filter>
    </ClInclude>
    <ClInclude Include="SymbolManager.h">
      <Filter>Helpers</Filter>
    </ClInclude>
    <ClInclude Include="NtDll.h">
      <Filter>Helpers</Filter>
    </ClInclude>
  </ItemGroup>
  <ItemGroup>
    <ResourceCompile Include="ObjExp.rc">
      <Filter>Resource Files</Filter>
    </ResourceCompile>
  </ItemGroup>
  <ItemGroup>
    <Image Include="res\alpc.ico">
      <Filter>Resource Files\Icons</Filter>
    </Image>
    <Image Include="res\briefcase.ico">
      <Filter>Resource Files\Icons</Filter>
    </Image>
    <Image Include="res\copy.ico">
      <Filter>Resource Files\Icons</Filter>
    </Image>
    <Image Include="res\delete.ico">
      <Filter>Resource Files\Icons</Filter>
    </Image>
    <Image Include="res\desktop.ico">
      <Filter>Resource Files\Icons</Filter>
    </Image>
    <Image Include="res\ObjExp.ico">
      <Filter>Resource Files\Icons</Filter>
    </Image>
    <Image Include="res\paste.ico">
      <Filter>Resource Files\Icons</Filter>
    </Image>
    <Image Include="res\process.ico">
      <Filter>Resource Files\Icons</Filter>
    </Image>
    <Image Include="res\cut.ico">
      <Filter>Resource Files\Icons</Filter>
    </Image>
    <Image Include="res\key.ico">
      <Filter>Resource Files\Icons</Filter>
    </Image>
    <Image Include="res\play.ico">
      <Filter>Resource Files\Icons</Filter>
    </Image>
    <Image Include="res\objects.ico">
      <Filter>Resource Files\Icons</Filter>
    </Image>
    <Image Include="res\package.ico">
      <Filter>Resource Files\Icons</Filter>
    </Image>
    <Image Include="res\refresh.ico">
      <Filter>Resource Files\Icons</Filter>
    </Image>
    <Image Include="res\types.ico">
      <Filter>Resource Files\Icons</Filter>
    </Image>
    <Image Include="res\generic.ico">
      <Filter>Resource Files\Icons</Filter>
    </Image>
    <Image Include="res\thread.ico">
      <Filter>Resource Files\Icons</Filter>
    </Image>
    <Image Include="res\event.ico">
      <Filter>Resource Files\Icons</Filter>
    </Image>
    <Image Include="res\mutex.ico">
      <Filter>Resource Files\Icons</Filter>
    </Image>
    <Image Include="res\semaphore.ico">
      <Filter>Resource Files\Icons</Filter>
    </Image>
    <Image Include="res\atom.ico">
      <Filter>Resource Files\Icons</Filter>
    </Image>
    <Image Include="res\callback.ico">
      <Filter>Resource Files\Icons</Filter>
    </Image>
    <Image Include="res\car.ico">
      <Filter>Resource Files\Icons</Filter>
    </Image>
    <Image Include="res\device.ico">
      <Filter>Resource Files\Icons</Filter>
    </Image>
    <Image Include="res\file.ico">
      <Filter>Resource Files\Icons</Filter>
    </Image>
    <Image Include="res\folder.ico">
      <Filter>Resource Files\Icons</Filter>
    </Image>
    <Image Include="res\link.ico">
      <Filter>Resource Files\Icons</Filter>
    </Image>
    <Image Include="res\memory.ico">
      <Filter>Resource Files\Icons</Filter>
    </Image>
    <Image Include="res\timer.ico">
      <Filter>Resource Files\Icons</Filter>
    </Image>
    <Image Include="res\token.ico">
      <Filter>Resource Files\Icons</Filter>
    </Image>
    <Image Include="res\type.ico">
      <Filter>Resource Files\Icons</Filter>
    </Image>
    <Image Include="res\windowstation.ico">
      <Filter>Resource Files\Icons</Filter>
    </Image>
    <Image Include="res\registry_editor.ico">
      <Filter>Resource Files\Icons</Filter>
    </Image>
    <Image Include="res\debug.ico">
      <Filter>Resource Files\Icons</Filter>
    </Image>
    <Image Include="res\font.ico">
      <Filter>Resource Files\Icons</Filter>
    </Image>
    <Image Include="res\profile.ico">
      <Filter>Resource Files\Icons</Filter>
    </Image>
    <Image Include="res\user.ico">
      <Filter>Resource Files\Icons</Filter>
    </Image>
    <Image Include="res\message.ico">
      <Filter>Resource Files\Icons</Filter>
    </Image>
    <Image Include="res\check.ico">
      <Filter>Resource Files\Icons</Filter>
    </Image>
    <Image Include="res\circle.ico">
      <Filter>Resource Files\Icons</Filter>
    </Image>
    <Image Include="res\folder_closed.ico">
      <Filter>Resource Files\Icons</Filter>
    </Image>
    <Image Include="res\commport.ico">
      <Filter>Resource Files\Icons</Filter>
    </Image>
    <Image Include="res\component.ico">
      <Filter>Resource Files\Icons</Filter>
    </Image>
    <Image Include="res\crossvmevent.ico">
      <Filter>Resource Files\Icons</Filter>
    </Image>
    <Image Include="res\crossvmmutex.ico">
      <Filter>Resource Files\Icons</Filter>
    </Image>
    <Image Include="res\data.ico">
      <Filter>Resource Files\Icons</Filter>
    </Image>
    <Image Include="res\directx.ico">
      <Filter>Resource Files\Icons</Filter>
    </Image>
    <Image Include="res\etw.ico">
      <Filter>Resource Files\Icons</Filter>
    </Image>
    <Image Include="res\etwreg.ico">
      <Filter>Resource Files\Icons</Filter>
    </Image>
    <Image Include="res\event-key.ico">
      <Filter>Resource Files\Icons</Filter>
    </Image>
    <Image Include="res\eventpair.ico">
      <Filter>Resource Files\Icons</Filter>
    </Image>
    <Image Include="res\silo.ico">
      <Filter>Resource Files\Icons</Filter>
    </Image>
    <Image Include="res\section.ico">
      <Filter>Resource Files\Icons</Filter>
    </Image>
    <Image Include="res\plug.ico">
      <Filter>Resource Files\Icons</Filter>
    </Image>
    <Image Include="res\pin_green.ico">
      <Filter>Resource Files\Icons</Filter>
    </Image>
    <Image Include="res\save.ico">
      <Filter>Resource Files\Icons</Filter>
    </Image>
    <Image Include="res\find.ico">
      <Filter>Resource Files\Icons</Filter>
    </Image>
    <Image Include="res\Properties.ico">
      <Filter>Resource Files\Icons</Filter>
    </Image>
    <Image Include="res\target.ico">
      <Filter>Resource Files\Icons</Filter>
    </Image>
    <Image Include="res\view.ico">
      <Filter>Resource Files\Icons</Filter>
    </Image>
    <Image Include="res\list.ico">
      <Filter>Resource Files\Icons</Filter>
    </Image>
    <Image Include="res\magnet.ico">
      <Filter>Resource Files\Icons</Filter>
    </Image>
    <Image Include="res\process_kill.ico">
      <Filter>Resource Files\Icons</Filter>
    </Image>
    <Image Include="res\process_zombie.ico">
      <Filter>Resource Files\Icons</Filter>
    </Image>
    <Image Include="res\magnet2.ico">
      <Filter>Resource Files\Icons</Filter>
    </Image>
    <Image Include="res\threads-zombie.ico">
      <Filter>Resource Files\Icons</Filter>
    </Image>
    <Image Include="res\Info.ico">
      <Filter>Resource Files\Icons</Filter>
    </Image>
    <Image Include="res\bitfield.ico">
      <Filter>Resource Files\Icons</Filter>
    </Image>
    <Image Include="res\enum.ico">
      <Filter>Resource Files\Icons</Filter>
    </Image>
    <Image Include="res\field.ico">
      <Filter>Resource Files\Icons</Filter>
    </Image>
    <Image Include="res\union.ico">
      <Filter>Resource Files\Icons</Filter>
    </Image>
  </ItemGroup>
  <ItemGroup>
    <None Include="packages.config" />
    <None Include="res\driver.bin">
      <Filter>Resource Files</Filter>
    </None>
    <None Include="res\kldbgdrv.sys" />
  </ItemGroup>
</Project>